Microsoft Visual Studio Solution File, Format Version 12.00
# Visual Studio Version 17
VisualStudioVersion = 17.5.2.0
MinimumVisualStudioVersion = 10.0.40219.1
Project("{FAE04EC0-301F-11D3-BF4B-00C04F79EFBC}") = "dotNetWedEve", "dotNetWedEve.csproj", "{453CB0B9-1A7C-4DE1-BC23-42CE1B6DA0DB}"
EndProject
Global
	GlobalSection(SolutionConfigurationPlatforms) = preSolution
		Debug|Any CPU = Debug|Any CPU
		Release|Any CPU = Release|Any CPU
	EndGlobalSection
	GlobalSection(ProjectConfigurationPlatforms) = postSolution
		{453CB0B9-1A7C-4DE1-BC23-42CE1B6DA0DB}.Debug|Any CPU.ActiveCfg = Debug|Any CPU
		{453CB0B9-1A7C-4DE1-BC23-42CE1B6DA0DB}.Debug|Any CPU.Build.0 = Debug|Any CPU
		{453CB0B9-1A7C-4DE1-BC23-42CE1B6DA0DB}.Release|Any CPU.ActiveCfg = Release|Any CPU
		{453CB0B9-1A7C-4DE1-BC23-42CE1B6DA0DB}.Release|Any CPU.Build.0 = Release|Any CPU
	EndGlobalSection
	GlobalSection(SolutionProperties) = preSolution
		HideSolutionNode = FALSE
	EndGlobalSection
	GlobalSection(ExtensibilityGlobals) = postSolution
		SolutionGuid = {43245123-693E-4854-AE45-A2B3F727F6C4}
	EndGlobalSection
EndGlobal
